
Microsoft Visual Studio Solution File, Format Version 12.00
# Visual Studio Version 17
VisualStudioVersion = 17.9.34723.18
MinimumVisualStudioVersion = 10.0.40219.1
Project("{FAE04EC0-301F-11D3-BF4B-00C04F79EFBC}") = "0414-S3-Constructors", "0414-S3-Constructors.csproj", "{44F051E9-D419-4114-BABB-75EE67672994}"
EndProject
Global
	GlobalSection(SolutionConfigurationPlatforms) = preSolution
		Debug|Any CPU = Debug|Any CPU
		Release|Any CPU = Release|Any CPU
	EndGlobalSection
	GlobalSection(ProjectConfigurationPlatforms) = postSolution
		{44F051E9-D419-4114-BABB-75EE67672994}.Debug|Any CPU.ActiveCfg = Debug|Any CPU
		{44F051E9-D419-4114-BABB-75EE67672994}.Debug|Any CPU.Build.0 = Debug|Any CPU
		{44F051E9-D419-4114-BABB-75EE67672994}.Release|Any CPU.ActiveCfg = Release|Any CPU
		{44F051E9-D419-4114-BABB-75EE67672994}.Release|Any CPU.Build.0 = Release|Any CPU
	EndGlobalSection
	GlobalSection(SolutionProperties) = preSolution
		HideSolutionNode = FALSE
	EndGlobalSection
	GlobalSection(ExtensibilityGlobals) = postSolution
		SolutionGuid = {8B773152-C89B-42AD-9BDA-567BE8F6806B}
	EndGlobalSection
EndGlobal
